
Microsoft Visual Studio Solution File, Format Version 12.00
# Visual Studio Version 17
VisualStudioVersion = 17.2.32519.379
MinimumVisualStudioVersion = 10.0.40219.1
Project("{FAE04EC0-301F-11D3-BF4B-00C04F79EFBC}") = "exercicioHeranca1", "exercicioHeranca1\exercicioHeranca1.csproj", "{947937F0-08E9-4041-9FE4-958F2F37205E}"
EndProject
Global
	GlobalSection(SolutionConfigurationPlatforms) = preSolution
		Debug|Any CPU = Debug|Any CPU
		Release|Any CPU = Release|Any CPU
	EndGlobalSection
	GlobalSection(ProjectConfigurationPlatforms) = postSolution
		{947937F0-08E9-4041-9FE4-958F2F37205E}.Debug|Any CPU.ActiveCfg = Debug|Any CPU
		{947937F0-08E9-4041-9FE4-958F2F37205E}.Debug|Any CPU.Build.0 = Debug|Any CPU
		{947937F0-08E9-4041-9FE4-958F2F37205E}.Release|Any CPU.ActiveCfg = Release|Any CPU
		{947937F0-08E9-4041-9FE4-958F2F37205E}.Release|Any CPU.Build.0 = Release|Any CPU
	EndGlobalSection
	GlobalSection(SolutionProperties) = preSolution
		HideSolutionNode = FALSE
	EndGlobalSection
	GlobalSection(ExtensibilityGlobals) = postSolution
		SolutionGuid = {5ACDDF9E-DE08-4A28-A940-A5FC20B6F911}
	EndGlobalSection
EndGlobal
